<?xml version="1.0" encoding="utf-8"?>
<Project ToolsVersion="16.0" xmlns="http://schemas.microsoft.com/developer/msbuild/2003">
  <ItemGroup>
    <CustomBuild Include="N:\Development\Dev_Base\libgeotiff-1.7.1\libgeotiff\CMakeLists.txt">
      <Filter>CMake Files</Filter>
    </CustomBuild>
  </ItemGroup>
  <ItemGroup>
    <Filter Include="CMake Files">
      <UniqueIdentifier>{ACCF435D-8664-3F89-AC8D-494FEF8B752E}</UniqueIdentifier>
    </Filter>
  </ItemGroup>
</Project>
