<?xml version="1.0" encoding="utf-8"?>
<Project ToolsVersion="15.0" xmlns="http://schemas.microsoft.com/developer/msbuild/2003">
  <ItemGroup>
    <ClCompile Include="..\cpl_serv.c">
      <Filter>Source Files</Filter>
    </ClCompile>
    <ClCompile Include="..\geo_extra.c">
      <Filter>Source Files</Filter>
    </ClCompile>
    <ClCompile Include="..\geo_free.c">
      <Filter>Source Files</Filter>
    </ClCompile>
    <ClCompile Include="..\geo_get.c">
      <Filter>Source Files</Filter>
    </ClCompile>
    <ClCompile Include="..\geo_names.c">
      <Filter>Source Files</Filter>
    </ClCompile>
    <ClCompile Include="..\geo_new.c">
      <Filter>Source Files</Filter>
    </ClCompile>
    <ClCompile Include="..\geo_normalize.c">
      <Filter>Source Files</Filter>
    </ClCompile>
    <ClCompile Include="..\geo_print.c">
      <Filter>Source Files</Filter>
    </ClCompile>
    <ClCompile Include="..\geo_set.c">
      <Filter>Source Files</Filter>
    </ClCompile>
    <ClCompile Include="..\geo_simpletags.c">
      <Filter>Source Files</Filter>
    </ClCompile>
    <ClCompile Include="..\geo_tiffp.c">
      <Filter>Source Files</Filter>
    </ClCompile>
    <ClCompile Include="..\geo_trans.c">
      <Filter>Source Files</Filter>
    </ClCompile>
    <ClCompile Include="..\geo_write.c">
      <Filter>Source Files</Filter>
    </ClCompile>
    <ClCompile Include="..\geotiff_proj4.c">
      <Filter>Source Files</Filter>
    </ClCompile>
    <ClCompile Include="..\libxtiff\xtiff.c">
      <Filter>Source Files</Filter>
    </ClCompile>
  </ItemGroup>
  <ItemGroup>
    <Filter Include="CMake Files">
      <UniqueIdentifier>{EFEB063E-44A0-3E37-8E79-16D09DD45646}</UniqueIdentifier>
    </Filter>
    <Filter Include="Source Files">
      <UniqueIdentifier>{7A262CB9-5C44-3D6D-9999-2684D38A3201}</UniqueIdentifier>
    </Filter>
  </ItemGroup>
</Project>